// !$*UTF8*$!
{
	archiveVersion = 1;
	classes = {
	};
	objectVersion = 48;
	objects = {

/* Begin PBXBuildFile section */
		82AAF2482179381800DFAB5C /* AppDelegate.swift in Sources */ = {isa = PBXBuildFile; fileRef = 82AAF2472179381800DFAB5C /* AppDelegate.swift */; };
		82AAF24D2179381800DFAB5C /* Main.storyboard in Resources */ = {isa = PBXBuildFile; fileRef = 82AAF24B2179381800DFAB5C /* Main.storyboard */; };
		82AAF2502179381800DFAB5C /* coreData.xcdatamodeld in Sources */ = {isa = PBXBuildFile; fileRef = 82AAF24E2179381800DFAB5C /* coreData.xcdatamodeld */; };
		82AAF2522179381900DFAB5C /* Assets.xcassets in Resources */ = {isa = PBXBuildFile; fileRef = 82AAF2512179381900DFAB5C /* Assets.xcassets */; };
		82AAF2552179381900DFAB5C /* LaunchScreen.storyboard in Resources */ = {isa = PBXBuildFile; fileRef = 82AAF2532179381900DFAB5C /* LaunchScreen.storyboard */; };
		82ACC7D62179411D0050C1FE /* AdventurerTableViewController.swift in Sources */ = {isa = PBXBuildFile; fileRef = 82ACC7D52179411D0050C1FE /* AdventurerTableViewController.swift */; };
		82ACC7D82179414E0050C1FE /* Adventurer.swift in Sources */ = {isa = PBXBuildFile; fileRef = 82ACC7D72179414E0050C1FE /* Adventurer.swift */; };
		C06FCC1C21828DC4008586B3 /* AdventurerTableViewCell.swift in Sources */ = {isa = PBXBuildFile; fileRef = C06FCC1B21828DC4008586B3 /* AdventurerTableViewCell.swift */; };
		C06FCC20218290BD008586B3 /* AdventurerRecruitmentViewController.swift in Sources */ = {isa = PBXBuildFile; fileRef = C06FCC1F218290BD008586B3 /* AdventurerRecruitmentViewController.swift */; };
		C06FCC2221829338008586B3 /* AdventurerQuestViewController.swift in Sources */ = {isa = PBXBuildFile; fileRef = C06FCC2121829338008586B3 /* AdventurerQuestViewController.swift */; };
/* End PBXBuildFile section */

/* Begin PBXFileReference section */
		82AAF2442179381800DFAB5C /* group18_assignment6.app */ = {isa = PBXFileReference; explicitFileType = wrapper.application; includeInIndex = 0; path = group18_assignment6.app; sourceTree = BUILT_PRODUCTS_DIR; };
		82AAF2472179381800DFAB5C /* AppDelegate.swift */ = {isa = PBXFileReference; lastKnownFileType = sourcecode.swift; path = AppDelegate.swift; sourceTree = "<group>"; };
		82AAF24C2179381800DFAB5C /* Base */ = {isa = PBXFileReference; lastKnownFileType = file.storyboard; name = Base; path = Base.lproj/Main.storyboard; sourceTree = "<group>"; };
		82AAF24F2179381800DFAB5C /* coreData.xcdatamodel */ = {isa = PBXFileReference; lastKnownFileType = wrapper.xcdatamodel; path = coreData.xcdatamodel; sourceTree = "<group>"; };
		82AAF2512179381900DFAB5C /* Assets.xcassets */ = {isa = PBXFileReference; lastKnownFileType = folder.assetcatalog; path = Assets.xcassets; sourceTree = "<group>"; };
		82AAF2542179381900DFAB5C /* Base */ = {isa = PBXFileReference; lastKnownFileType = file.storyboard; name = Base; path = Base.lproj/LaunchScreen.storyboard; sourceTree = "<group>"; };
		82AAF2562179381900DFAB5C /* Info.plist */ = {isa = PBXFileReference; lastKnownFileType = text.plist.xml; path = Info.plist; sourceTree = "<group>"; };
		82ACC7D52179411D0050C1FE /* AdventurerTableViewController.swift */ = {isa = PBXFileReference; lastKnownFileType = sourcecode.swift; path = AdventurerTableViewController.swift; sourceTree = "<group>"; };
		82ACC7D72179414E0050C1FE /* Adventurer.swift */ = {isa = PBXFileReference; lastKnownFileType = sourcecode.swift; path = Adventurer.swift; sourceTree = "<group>"; };
		C06FCC1B21828DC4008586B3 /* AdventurerTableViewCell.swift */ = {isa = PBXFileReference; lastKnownFileType = sourcecode.swift; path = AdventurerTableViewCell.swift; sourceTree = "<group>"; };
		C06FCC1F218290BD008586B3 /* AdventurerRecruitmentViewController.swift */ = {isa = PBXFileReference; lastKnownFileType = sourcecode.swift; path = AdventurerRecruitmentViewController.swift; sourceTree = "<group>"; };
		C06FCC2121829338008586B3 /* AdventurerQuestViewController.swift */ = {isa = PBXFileReference; lastKnownFileType = sourcecode.swift; path = AdventurerQuestViewController.swift; sourceTree = "<group>"; };
/* End PBXFileReference section */

/* Begin PBXFrameworksBuildPhase section */
		82AAF2412179381800DFAB5C /* Frameworks */ = {
			isa = PBXFrameworksBuildPhase;
			buildActionMask = 2147483647;
			files = (
			);
			runOnlyForDeploymentPostprocessing = 0;
		};
/* End PBXFrameworksBuildPhase section */

/* Begin PBXGroup section */
		82AAF23B2179381800DFAB5C = {
			isa = PBXGroup;
			children = (
				82AAF2462179381800DFAB5C /* group18_assignment6 */,
				82AAF2452179381800DFAB5C /* Products */,
			);
			sourceTree = "<group>";
		};
		82AAF2452179381800DFAB5C /* Products */ = {
			isa = PBXGroup;
			children = (
				82AAF2442179381800DFAB5C /* group18_assignment6.app */,
			);
			name = Products;
			sourceTree = "<group>";
		};
		82AAF2462179381800DFAB5C /* group18_assignment6 */ = {
			isa = PBXGroup;
			children = (
				82AAF2472179381800DFAB5C /* AppDelegate.swift */,
				82AAF24B2179381800DFAB5C /* Main.storyboard */,
				C06FCC2121829338008586B3 /* AdventurerQuestViewController.swift */,
				C06FCC1B21828DC4008586B3 /* AdventurerTableViewCell.swift */,
				82AAF2512179381900DFAB5C /* Assets.xcassets */,
				82AAF2532179381900DFAB5C /* LaunchScreen.storyboard */,
				82AAF2562179381900DFAB5C /* Info.plist */,
				82AAF24E2179381800DFAB5C /* coreData.xcdatamodeld */,
				82ACC7D52179411D0050C1FE /* AdventurerTableViewController.swift */,
				C06FCC1F218290BD008586B3 /* AdventurerRecruitmentViewController.swift */,
				82ACC7D72179414E0050C1FE /* Adventurer.swift */,
			);
			path = group18_assignment6;
			sourceTree = "<group>";
		};
/* End PBXGroup section */

/* Begin PBXNativeTarget section */
		82AAF2432179381800DFAB5C /* group18_assignment6 */ = {
			isa = PBXNativeTarget;
			buildConfigurationList = 82AAF2592179381900DFAB5C /* Build configuration list for PBXNativeTarget "group18_assignment6" */;
			buildPhases = (
				82AAF2402179381800DFAB5C /* Sources */,
				82AAF2412179381800DFAB5C /* Frameworks */,
				82AAF2422179381800DFAB5C /* Resources */,
			);
			buildRules = (
			);
			dependencies = (
			);
			name = group18_assignment6;
			productName = group18;
			productReference = 82AAF2442179381800DFAB5C /* group18_assignment6.app */;
			productType = "com.apple.product-type.application";
		};
/* End PBXNativeTarget section */

/* Begin PBXProject section */
		82AAF23C2179381800DFAB5C /* Project object */ = {
			isa = PBXProject;
			attributes = {
				LastSwiftUpdateCheck = 0940;
				LastUpgradeCheck = 0940;
				ORGANIZATIONNAME = "Vadrevu, Anirudh S";
				TargetAttributes = {
					82AAF2432179381800DFAB5C = {
						CreatedOnToolsVersion = 9.4;
						ProvisioningStyle = Automatic;
					};
				};
			};
			buildConfigurationList = 82AAF23F2179381800DFAB5C /* Build configuration list for PBXProject "group18_assignment6" */;
			compatibilityVersion = "Xcode 8.0";
			developmentRegion = en;
			hasScannedForEncodings = 0;
			knownRegions = (
				en,
				Base,
			);
			mainGroup = 82AAF23B2179381800DFAB5C;
			productRefGroup = 82AAF2452179381800DFAB5C /* Products */;
			projectDirPath = "";
			projectRoot = "";
			targets = (
				82AAF2432179381800DFAB5C /* group18_assignment6 */,
			);
		};
/* End PBXProject section */

/* Begin PBXResourcesBuildPhase section */
		82AAF2422179381800DFAB5C /* Resources */ = {
			isa = PBXResourcesBuildPhase;
			buildActionMask = 2147483647;
			files = (
				82AAF2552179381900DFAB5C /* LaunchScreen.storyboard in Resources */,
				82AAF2522179381900DFAB5C /* Assets.xcassets in Resources */,
				82AAF24D2179381800DFAB5C /* Main.storyboard in Resources */,
			);
			runOnlyForDeploymentPostprocessing = 0;
		};
/* End PBXResourcesBuildPhase section */

/* Begin PBXSourcesBuildPhase section */
		82AAF2402179381800DFAB5C /* Sources */ = {
			isa = PBXSourcesBuildPhase;
			buildActionMask = 2147483647;
			files = (
				C06FCC1C21828DC4008586B3 /* AdventurerTableViewCell.swift in Sources */,
				82ACC7D62179411D0050C1FE /* AdventurerTableViewController.swift in Sources */,
				82ACC7D82179414E0050C1FE /* Adventurer.swift in Sources */,
				C06FCC2221829338008586B3 /* AdventurerQuestViewController.swift in Sources */,
				C06FCC20218290BD008586B3 /* AdventurerRecruitmentViewController.swift in Sources */,
				82AAF2482179381800DFAB5C /* AppDelegate.swift in Sources */,
				82AAF2502179381800DFAB5C /* coreData.xcdatamodeld in Sources */,
			);
			runOnlyForDeploymentPostprocessing = 0;
		};
/* End PBXSourcesBuildPhase section */

/* Begin PBXVariantGroup section */
		82AAF24B2179381800DFAB5C /* Main.storyboard */ = {
			isa = PBXVariantGroup;
			children = (
				82AAF24C2179381800DFAB5C /* Base */,
			);
			name = Main.storyboard;
			sourceTree = "<group>";
		};
		82AAF2532179381900DFAB5C /* LaunchScreen.storyboard */ = {
			isa = PBXVariantGroup;
			children = (
				82AAF2542179381900DFAB5C /* Base */,
			);
			name = LaunchScreen.storyboard;
			sourceTree = "<group>";
		};
/* End PBXVariantGroup section */

/* Begin XCBuildConfiguration section */
		82AAF2572179381900DFAB5C /* Debug */ = {
			isa = XCBuildConfiguration;
			buildSettings = {
				ALWAYS_SEARCH_USER_PATHS = NO;
				CLANG_ANALYZER_NONNULL = YES;
				CLANG_ANALYZER_NUMBER_OBJECT_CONVERSION = YES_AGGRESSIVE;
				CLANG_CXX_LANGUAGE_STANDARD = "gnu++14";
				CLANG_CXX_LIBRARY = "libc++";
				CLANG_ENABLE_MODULES = YES;
				CLANG_ENABLE_OBJC_ARC = YES;
				CLANG_ENABLE_OBJC_WEAK = YES;
				CLANG_WARN_BLOCK_CAPTURE_AUTORELEASING = YES;
				CLANG_WARN_BOOL_CONVERSION = YES;
				CLANG_WARN_COMMA = YES;
				CLANG_WARN_CONSTANT_CONVERSION = YES;
				CLANG_WARN_DEPRECATED_OBJC_IMPLEMENTATIONS = YES;
				CLANG_WARN_DIRECT_OBJC_ISA_USAGE = YES_ERROR;
				CLANG_WARN_DOCUMENTATION_COMMENTS = YES;
				CLANG_WARN_EMPTY_BODY = YES;
				CLANG_WARN_ENUM_CONVERSION = YES;
				CLANG_WARN_INFINITE_RECURSION = YES;
				CLANG_WARN_INT_CONVERSION = YES;
				CLANG_WARN_NON_LITERAL_NULL_CONVERSION = YES;
				CLANG_WARN_OBJC_IMPLICIT_RETAIN_SELF = YES;
				CLANG_WARN_OBJC_LITERAL_CONVERSION = YES;
				CLANG_WARN_OBJC_ROOT_CLASS = YES_ERROR;
				CLANG_WARN_RANGE_LOOP_ANALYSIS = YES;
				CLANG_WARN_STRICT_PROTOTYPES = YES;
				CLANG_WARN_SUSPICIOUS_MOVE = YES;
				CLANG_WARN_UNGUARDED_AVAILABILITY = YES_AGGRESSIVE;
				CLANG_WARN_UNREACHABLE_CODE = YES;
				CLANG_WARN__DUPLICATE_METHOD_MATCH = YES;
				CODE_SIGN_IDENTITY = "iPhone Developer";
				COPY_PHASE_STRIP = NO;
				DEBUG_INFORMATION_FORMAT = dwarf;
				ENABLE_STRICT_OBJC_MSGSEND = YES;
				ENABLE_TESTABILITY = YES;
				GCC_C_LANGUAGE_STANDARD = gnu11;
				GCC_DYNAMIC_NO_PIC = NO;
				GCC_NO_COMMON_BLOCKS = YES;
				GCC_OPTIMIZATION_LEVEL = 0;
				GCC_PREPROCESSOR_DEFINITIONS = (
					"DEBUG=1",
					"$(inherited)",
				);
				GCC_WARN_64_TO_32_BIT_CONVERSION = YES;
				GCC_WARN_ABOUT_RETURN_TYPE = YES_ERROR;
				GCC_WARN_UNDECLARED_SELECTOR = YES;
				GCC_WARN_UNINITIALIZED_AUTOS = YES_AGGRESSIVE;
				GCC_WARN_UNUSED_FUNCTION = YES;
				GCC_WARN_UNUSED_VARIABLE = YES;
				IPHONEOS_DEPLOYMENT_TARGET = 11.4;
				MTL_ENABLE_DEBUG_INFO = YES;
				ONLY_ACTIVE_ARCH = YES;
				SDKROOT = iphoneos;
				SWIFT_ACTIVE_COMPILATION_CONDITIONS = DEBUG;
				SWIFT_OPTIMIZATION_LEVEL = "-Onone";
			};
			name = Debug;
		};
		82AAF2582179381900DFAB5C /* Release */ = {
			isa = XCBuildConfiguration;
			buildSettings = {
				ALWAYS_SEARCH_USER_PATHS = NO;
				CLANG_ANALYZER_NONNULL = YES;
				CLANG_ANALYZER_NUMBER_OBJECT_CONVERSION = YES_AGGRESSIVE;
				CLANG_CXX_LANGUAGE_STANDARD = "gnu++14";
				CLANG_CXX_LIBRARY = "libc++";
				CLANG_ENABLE_MODULES = YES;
				CLANG_ENABLE_OBJC_ARC = YES;
				CLANG_ENABLE_OBJC_WEAK = YES;
				CLANG_WARN_BLOCK_CAPTURE_AUTORELEASING = YES;
				CLANG_WARN_BOOL_CONVERSION = YES;
				CLANG_WARN_COMMA = YES;
				CLANG_WARN_CONSTANT_CONVERSION = YES;
				CLANG_WARN_DEPRECATED_OBJC_IMPLEMENTATIONS = YES;
				CLANG_WARN_DIRECT_OBJC_ISA_USAGE = YES_ERROR;
				CLANG_WARN_DOCUMENTATION_COMMENTS = YES;
				CLANG_WARN_EMPTY_BODY = YES;
				CLANG_WARN_ENUM_CONVERSION = YES;
				CLANG_WARN_INFINITE_RECURSION = YES;
				CLANG_WARN_INT_CONVERSION = YES;
				CLANG_WARN_NON_LITERAL_NULL_CONVERSION = YES;
				CLANG_WARN_OBJC_IMPLICIT_RETAIN_SELF = YES;
				CLANG_WARN_OBJC_LITERAL_CONVERSION = YES;
				CLANG_WARN_OBJC_ROOT_CLASS = YES_ERROR;
				CLANG_WARN_RANGE_LOOP_ANALYSIS = YES;
				CLANG_WARN_STRICT_PROTOTYPES = YES;
				CLANG_WARN_SUSPICIOUS_MOVE = YES;
				CLANG_WARN_UNGUARDED_AVAILABILITY = YES_AGGRESSIVE;
				CLANG_WARN_UNREACHABLE_CODE = YES;
				CLANG_WARN__DUPLICATE_METHOD_MATCH = YES;
				CODE_SIGN_IDENTITY = "iPhone Developer";
				COPY_PHASE_STRIP = NO;
				DEBUG_INFORMATION_FORMAT = "dwarf-with-dsym";
				ENABLE_NS_ASSERTIONS = NO;
				ENABLE_STRICT_OBJC_MSGSEND = YES;
				GCC_C_LANGUAGE_STANDARD = gnu11;
				GCC_NO_COMMON_BLOCKS = YES;
				GCC_WARN_64_TO_32_BIT_CONVERSION = YES;
				GCC_WARN_ABOUT_RETURN_TYPE = YES_ERROR;
				GCC_WARN_UNDECLARED_SELECTOR = YES;
				GCC_WARN_UNINITIALIZED_AUTOS = YES_AGGRESSIVE;
				GCC_WARN_UNUSED_FUNCTION = YES;
				GCC_WARN_UNUSED_VARIABLE = YES;
				IPHONEOS_DEPLOYMENT_TARGET = 11.4;
				MTL_ENABLE_DEBUG_INFO = NO;
				SDKROOT = iphoneos;
				SWIFT_OPTIMIZATION_LEVEL = "-Owholemodule";
				VALIDATE_PRODUCT = YES;
			};
			name = Release;
		};
		82AAF25A2179381900DFAB5C /* Debug */ = {
			isa = XCBuildConfiguration;
			buildSettings = {
				ASSETCATALOG_COMPILER_APPICON_NAME = AppIcon;
				CODE_SIGN_STYLE = Automatic;
				INFOPLIST_FILE = group18_assignment6/Info.plist;
				IPHONEOS_DEPLOYMENT_TARGET = 11.2;
				LD_RUNPATH_SEARCH_PATHS = "$(inherited) @executable_path/Frameworks";
				PRODUCT_BUNDLE_IDENTIFIER = "Group-18.group18";
				PRODUCT_NAME = "$(TARGET_NAME)";
				SWIFT_VERSION = 4.0;
				TARGETED_DEVICE_FAMILY = 1;
			};
			name = Debug;
		};
		82AAF25B2179381900DFAB5C /* Release */ = {
			isa = XCBuildConfiguration;
			buildSettings = {
				ASSETCATALOG_COMPILER_APPICON_NAME = AppIcon;
				CODE_SIGN_STYLE = Automatic;
				INFOPLIST_FILE = group18_assignment6/Info.plist;
				IPHONEOS_DEPLOYMENT_TARGET = 11.2;
				LD_RUNPATH_SEARCH_PATHS = "$(inherited) @executable_path/Frameworks";
				PRODUCT_BUNDLE_IDENTIFIER = "Group-18.group18";
				PRODUCT_NAME = "$(TARGET_NAME)";
				SWIFT_VERSION = 4.0;
				TARGETED_DEVICE_FAMILY = 1;
			};
			name = Release;
		};
/* End XCBuildConfiguration section */

/* Begin XCConfigurationList section */
		82AAF23F2179381800DFAB5C /* Build configuration list for PBXProject "group18_assignment6" */ = {
			isa = XCConfigurationList;
			buildConfigurations = (
				82AAF2572179381900DFAB5C /* Debug */,
				82AAF2582179381900DFAB5C /* Release */,
			);
			defaultConfigurationIsVisible = 0;
			defaultConfigurationName = Release;
		};
		82AAF2592179381900DFAB5C /* Build configuration list for PBXNativeTarget "group18_assignment6" */ = {
			isa = XCConfigurationList;
			buildConfigurations = (
				82AAF25A2179381900DFAB5C /* Debug */,
				82AAF25B2179381900DFAB5C /* Release */,
			);
			defaultConfigurationIsVisible = 0;
			defaultConfigurationName = Release;
		};
/* End XCConfigurationList section */

/* Begin XCVersionGroup section */
		82AAF24E2179381800DFAB5C /* coreData.xcdatamodeld */ = {
			isa = XCVersionGroup;
			children = (
				82AAF24F2179381800DFAB5C /* coreData.xcdatamodel */,
			);
			currentVersion = 82AAF24F2179381800DFAB5C /* coreData.xcdatamodel */;
			path = coreData.xcdatamodeld;
			sourceTree = "<group>";
			versionGroupType = wrapper.xcdatamodel;
		};
/* End XCVersionGroup section */
	};
	rootObject = 82AAF23C2179381800DFAB5C /* Project object */;
}
